// !$*UTF8*$!
{
	archiveVersion = 1;
	classes = {
	};
	objectVersion = 46;
	objects = {

/* Begin PBXBuildFile section */
		1E8807891D2EEF2B00173F62 /* SegueHandlerType.swift in Sources */ = {isa = PBXBuildFile; fileRef = 1E8807881D2EEF2B00173F62 /* SegueHandlerType.swift */; };
		1E88078B1D2EF55E00173F62 /* BookDetailViewController.swift in Sources */ = {isa = PBXBuildFile; fileRef = 1E88078A1D2EF55E00173F62 /* BookDetailViewController.swift */; };
		1E88078D1D2EFC5800173F62 /* ManagedObjectObserver.swift in Sources */ = {isa = PBXBuildFile; fileRef = 1E88078C1D2EFC5800173F62 /* ManagedObjectObserver.swift */; };
		1E88078F1D2F070700173F62 /* NSManagedObjectContext+Observers.swift in Sources */ = {isa = PBXBuildFile; fileRef = 1E88078E1D2F070700173F62 /* NSManagedObjectContext+Observers.swift */; };
		1ED1CB511D2D5B2800A969A8 /* AppDelegate.swift in Sources */ = {isa = PBXBuildFile; fileRef = 1ED1CB501D2D5B2800A969A8 /* AppDelegate.swift */; };
		1ED1CB581D2D5B2900A969A8 /* Assets.xcassets in Resources */ = {isa = PBXBuildFile; fileRef = 1ED1CB571D2D5B2900A969A8 /* Assets.xcassets */; };
		1ED1CB631D2D5B8D00A969A8 /* Main.storyboard in Resources */ = {isa = PBXBuildFile; fileRef = 1ED1CB621D2D5B8D00A969A8 /* Main.storyboard */; };
		1ED1CB661D2D61D300A969A8 /* BooksTableViewController.swift in Sources */ = {isa = PBXBuildFile; fileRef = 1ED1CB651D2D61D300A969A8 /* BooksTableViewController.swift */; };
		1ED1CB691D2D623500A969A8 /* BookTableViewCell.swift in Sources */ = {isa = PBXBuildFile; fileRef = 1ED1CB681D2D623500A969A8 /* BookTableViewCell.swift */; };
		1ED1CB701D2D6B1B00A969A8 /* BookKeeper.xcdatamodeld in Sources */ = {isa = PBXBuildFile; fileRef = 1ED1CB6E1D2D6B1B00A969A8 /* BookKeeper.xcdatamodeld */; };
		1ED1CB721D2D6BF500A969A8 /* SwiftExtensions.swift in Sources */ = {isa = PBXBuildFile; fileRef = 1ED1CB711D2D6BF500A969A8 /* SwiftExtensions.swift */; };
		1ED1CB751D2D6C5100A969A8 /* ManagedObjectContextSettable.swift in Sources */ = {isa = PBXBuildFile; fileRef = 1ED1CB741D2D6C5100A969A8 /* ManagedObjectContextSettable.swift */; };
		1ED1CB771D2D6C8A00A969A8 /* ConfigurableCell.swift in Sources */ = {isa = PBXBuildFile; fileRef = 1ED1CB761D2D6C8A00A969A8 /* ConfigurableCell.swift */; };
		1ED1CB791D2D6CC000A969A8 /* Book.swift in Sources */ = {isa = PBXBuildFile; fileRef = 1ED1CB781D2D6CC000A969A8 /* Book.swift */; };
		1ED1CB7C1D2D6F2B00A969A8 /* ManagedObject.swift in Sources */ = {isa = PBXBuildFile; fileRef = 1ED1CB7B1D2D6F2B00A969A8 /* ManagedObject.swift */; };
		1ED1CB7E1D2D6FB700A969A8 /* BookKeeperStack.swift in Sources */ = {isa = PBXBuildFile; fileRef = 1ED1CB7D1D2D6FB700A969A8 /* BookKeeperStack.swift */; };
		1ED1CB811D2D778100A969A8 /* DataSourceDelegate.swift in Sources */ = {isa = PBXBuildFile; fileRef = 1ED1CB801D2D778100A969A8 /* DataSourceDelegate.swift */; };
		1ED1CB831D2D77CC00A969A8 /* DataProvider.swift in Sources */ = {isa = PBXBuildFile; fileRef = 1ED1CB821D2D77CC00A969A8 /* DataProvider.swift */; };
		1ED1CB851D2D783A00A969A8 /* TableViewDataSource.swift in Sources */ = {isa = PBXBuildFile; fileRef = 1ED1CB841D2D783A00A969A8 /* TableViewDataSource.swift */; };
		1ED1CB871D2D7ABF00A969A8 /* FetchedResultsDataProvider.swift in Sources */ = {isa = PBXBuildFile; fileRef = 1ED1CB861D2D7ABF00A969A8 /* FetchedResultsDataProvider.swift */; };
		1ED1CB891D2D82D900A969A8 /* NSManagedObjectContext+Extensions.swift in Sources */ = {isa = PBXBuildFile; fileRef = 1ED1CB881D2D82D900A969A8 /* NSManagedObjectContext+Extensions.swift */; };
/* End PBXBuildFile section */

/* Begin PBXFileReference section */
		1E8807881D2EEF2B00173F62 /* SegueHandlerType.swift */ = {isa = PBXFileReference; fileEncoding = 4; lastKnownFileType = sourcecode.swift; path = SegueHandlerType.swift; sourceTree = "<group>"; };
		1E88078A1D2EF55E00173F62 /* BookDetailViewController.swift */ = {isa = PBXFileReference; fileEncoding = 4; lastKnownFileType = sourcecode.swift; path = BookDetailViewController.swift; sourceTree = "<group>"; };
		1E88078C1D2EFC5800173F62 /* ManagedObjectObserver.swift */ = {isa = PBXFileReference; fileEncoding = 4; lastKnownFileType = sourcecode.swift; path = ManagedObjectObserver.swift; sourceTree = "<group>"; };
		1E88078E1D2F070700173F62 /* NSManagedObjectContext+Observers.swift */ = {isa = PBXFileReference; fileEncoding = 4; lastKnownFileType = sourcecode.swift; path = "NSManagedObjectContext+Observers.swift"; sourceTree = "<group>"; };
		1ED1CB4D1D2D5B2800A969A8 /* BookKeeper.app */ = {isa = PBXFileReference; explicitFileType = wrapper.application; includeInIndex = 0; path = BookKeeper.app; sourceTree = BUILT_PRODUCTS_DIR; };
		1ED1CB501D2D5B2800A969A8 /* AppDelegate.swift */ = {isa = PBXFileReference; lastKnownFileType = sourcecode.swift; path = AppDelegate.swift; sourceTree = "<group>"; };
		1ED1CB571D2D5B2900A969A8 /* Assets.xcassets */ = {isa = PBXFileReference; lastKnownFileType = folder.assetcatalog; path = Assets.xcassets; sourceTree = "<group>"; };
		1ED1CB5C1D2D5B2900A969A8 /* Info.plist */ = {isa = PBXFileReference; lastKnownFileType = text.plist.xml; path = Info.plist; sourceTree = "<group>"; };
		1ED1CB621D2D5B8D00A969A8 /* Main.storyboard */ = {isa = PBXFileReference; fileEncoding = 4; lastKnownFileType = file.storyboard; path = Main.storyboard; sourceTree = "<group>"; };
		1ED1CB651D2D61D300A969A8 /* BooksTableViewController.swift */ = {isa = PBXFileReference; fileEncoding = 4; lastKnownFileType = sourcecode.swift; path = BooksTableViewController.swift; sourceTree = "<group>"; };
		1ED1CB681D2D623500A969A8 /* BookTableViewCell.swift */ = {isa = PBXFileReference; fileEncoding = 4; lastKnownFileType = sourcecode.swift; path = BookTableViewCell.swift; sourceTree = "<group>"; };
		1ED1CB6F1D2D6B1B00A969A8 /* BookKeeper.xcdatamodel */ = {isa = PBXFileReference; lastKnownFileType = wrapper.xcdatamodel; path = BookKeeper.xcdatamodel; sourceTree = "<group>"; };
		1ED1CB711D2D6BF500A969A8 /* SwiftExtensions.swift */ = {isa = PBXFileReference; fileEncoding = 4; lastKnownFileType = sourcecode.swift; path = SwiftExtensions.swift; sourceTree = "<group>"; };
		1ED1CB741D2D6C5100A969A8 /* ManagedObjectContextSettable.swift */ = {isa = PBXFileReference; fileEncoding = 4; lastKnownFileType = sourcecode.swift; path = ManagedObjectContextSettable.swift; sourceTree = "<group>"; };
		1ED1CB761D2D6C8A00A969A8 /* ConfigurableCell.swift */ = {isa = PBXFileReference; fileEncoding = 4; lastKnownFileType = sourcecode.swift; path = ConfigurableCell.swift; sourceTree = "<group>"; };
		1ED1CB781D2D6CC000A969A8 /* Book.swift */ = {isa = PBXFileReference; fileEncoding = 4; lastKnownFileType = sourcecode.swift; path = Book.swift; sourceTree = "<group>"; };
		1ED1CB7B1D2D6F2B00A969A8 /* ManagedObject.swift */ = {isa = PBXFileReference; fileEncoding = 4; lastKnownFileType = sourcecode.swift; path = ManagedObject.swift; sourceTree = "<group>"; };
		1ED1CB7D1D2D6FB700A969A8 /* BookKeeperStack.swift */ = {isa = PBXFileReference; fileEncoding = 4; lastKnownFileType = sourcecode.swift; path = BookKeeperStack.swift; sourceTree = "<group>"; };
		1ED1CB801D2D778100A969A8 /* DataSourceDelegate.swift */ = {isa = PBXFileReference; fileEncoding = 4; lastKnownFileType = sourcecode.swift; path = DataSourceDelegate.swift; sourceTree = "<group>"; };
		1ED1CB821D2D77CC00A969A8 /* DataProvider.swift */ = {isa = PBXFileReference; fileEncoding = 4; lastKnownFileType = sourcecode.swift; path = DataProvider.swift; sourceTree = "<group>"; };
		1ED1CB841D2D783A00A969A8 /* TableViewDataSource.swift */ = {isa = PBXFileReference; fileEncoding = 4; lastKnownFileType = sourcecode.swift; path = TableViewDataSource.swift; sourceTree = "<group>"; };
		1ED1CB861D2D7ABF00A969A8 /* FetchedResultsDataProvider.swift */ = {isa = PBXFileReference; fileEncoding = 4; lastKnownFileType = sourcecode.swift; path = FetchedResultsDataProvider.swift; sourceTree = "<group>"; };
		1ED1CB881D2D82D900A969A8 /* NSManagedObjectContext+Extensions.swift */ = {isa = PBXFileReference; fileEncoding = 4; lastKnownFileType = sourcecode.swift; path = "NSManagedObjectContext+Extensions.swift"; sourceTree = "<group>"; };
/* End PBXFileReference section */

/* Begin PBXFrameworksBuildPhase section */
		1ED1CB4A1D2D5B2800A969A8 /* Frameworks */ = {
			isa = PBXFrameworksBuildPhase;
			buildActionMask = 2147483647;
			files = (
			);
			runOnlyForDeploymentPostprocessing = 0;
		};
/* End PBXFrameworksBuildPhase section */

/* Begin PBXGroup section */
		1ED1CB441D2D5B2800A969A8 = {
			isa = PBXGroup;
			children = (
				1ED1CB4F1D2D5B2800A969A8 /* BookKeeper */,
				1ED1CB4E1D2D5B2800A969A8 /* Products */,
			);
			sourceTree = "<group>";
		};
		1ED1CB4E1D2D5B2800A969A8 /* Products */ = {
			isa = PBXGroup;
			children = (
				1ED1CB4D1D2D5B2800A969A8 /* BookKeeper.app */,
			);
			name = Products;
			sourceTree = "<group>";
		};
		1ED1CB4F1D2D5B2800A969A8 /* BookKeeper */ = {
			isa = PBXGroup;
			children = (
				1ED1CB501D2D5B2800A969A8 /* AppDelegate.swift */,
				1ED1CB6A1D2D670100A969A8 /* Utility */,
				1ED1CB731D2D6C3400A969A8 /* Protocols */,
				1ED1CB6D1D2D6AF900A969A8 /* Core Data */,
				1ED1CB641D2D61BE00A969A8 /* View Controllers */,
				1ED1CB671D2D620D00A969A8 /* Views */,
				1ED1CB621D2D5B8D00A969A8 /* Main.storyboard */,
				1ED1CB571D2D5B2900A969A8 /* Assets.xcassets */,
				1ED1CB5C1D2D5B2900A969A8 /* Info.plist */,
			);
			path = BookKeeper;
			sourceTree = "<group>";
		};
		1ED1CB641D2D61BE00A969A8 /* View Controllers */ = {
			isa = PBXGroup;
			children = (
				1ED1CB651D2D61D300A969A8 /* BooksTableViewController.swift */,
				1E88078A1D2EF55E00173F62 /* BookDetailViewController.swift */,
			);
			name = "View Controllers";
			sourceTree = "<group>";
		};
		1ED1CB671D2D620D00A969A8 /* Views */ = {
			isa = PBXGroup;
			children = (
				1ED1CB681D2D623500A969A8 /* BookTableViewCell.swift */,
			);
			name = Views;
			sourceTree = "<group>";
		};
		1ED1CB6A1D2D670100A969A8 /* Utility */ = {
			isa = PBXGroup;
			children = (
				1ED1CB711D2D6BF500A969A8 /* SwiftExtensions.swift */,
			);
			name = Utility;
			sourceTree = "<group>";
		};
		1ED1CB6D1D2D6AF900A969A8 /* Core Data */ = {
			isa = PBXGroup;
			children = (
				1ED1CB7F1D2D775D00A969A8 /* Data Sources and Providers */,
				1ED1CB7A1D2D6F1400A969A8 /* Model */,
				1ED1CB881D2D82D900A969A8 /* NSManagedObjectContext+Extensions.swift */,
				1E88078E1D2F070700173F62 /* NSManagedObjectContext+Observers.swift */,
				1ED1CB7B1D2D6F2B00A969A8 /* ManagedObject.swift */,
				1E88078C1D2EFC5800173F62 /* ManagedObjectObserver.swift */,
				1ED1CB7D1D2D6FB700A969A8 /* BookKeeperStack.swift */,
			);
			name = "Core Data";
			sourceTree = "<group>";
		};
		1ED1CB731D2D6C3400A969A8 /* Protocols */ = {
			isa = PBXGroup;
			children = (
				1ED1CB741D2D6C5100A969A8 /* ManagedObjectContextSettable.swift */,
				1ED1CB761D2D6C8A00A969A8 /* ConfigurableCell.swift */,
				1E8807881D2EEF2B00173F62 /* SegueHandlerType.swift */,
			);
			name = Protocols;
			sourceTree = "<group>";
		};
		1ED1CB7A1D2D6F1400A969A8 /* Model */ = {
			isa = PBXGroup;
			children = (
				1ED1CB6E1D2D6B1B00A969A8 /* BookKeeper.xcdatamodeld */,
				1ED1CB781D2D6CC000A969A8 /* Book.swift */,
			);
			name = Model;
			sourceTree = "<group>";
		};
		1ED1CB7F1D2D775D00A969A8 /* Data Sources and Providers */ = {
			isa = PBXGroup;
			children = (
				1ED1CB801D2D778100A969A8 /* DataSourceDelegate.swift */,
				1ED1CB821D2D77CC00A969A8 /* DataProvider.swift */,
				1ED1CB841D2D783A00A969A8 /* TableViewDataSource.swift */,
				1ED1CB861D2D7ABF00A969A8 /* FetchedResultsDataProvider.swift */,
			);
			name = "Data Sources and Providers";
			sourceTree = "<group>";
		};
/* End PBXGroup section */

/* Begin PBXNativeTarget section */
		1ED1CB4C1D2D5B2800A969A8 /* BookKeeper */ = {
			isa = PBXNativeTarget;
			buildConfigurationList = 1ED1CB5F1D2D5B2900A969A8 /* Build configuration list for PBXNativeTarget "BookKeeper" */;
			buildPhases = (
				1ED1CB491D2D5B2800A969A8 /* Sources */,
				1ED1CB4A1D2D5B2800A969A8 /* Frameworks */,
				1ED1CB4B1D2D5B2800A969A8 /* Resources */,
			);
			buildRules = (
			);
			dependencies = (
			);
			name = BookKeeper;
			productName = BookKeeper;
			productReference = 1ED1CB4D1D2D5B2800A969A8 /* BookKeeper.app */;
			productType = "com.apple.product-type.application";
		};
/* End PBXNativeTarget section */

/* Begin PBXProject section */
		1ED1CB451D2D5B2800A969A8 /* Project object */ = {
			isa = PBXProject;
			attributes = {
				LastSwiftUpdateCheck = 0730;
				LastUpgradeCheck = 0730;
				ORGANIZATIONNAME = nmg82;
				TargetAttributes = {
					1ED1CB4C1D2D5B2800A969A8 = {
						CreatedOnToolsVersion = 7.3.1;
					};
				};
			};
			buildConfigurationList = 1ED1CB481D2D5B2800A969A8 /* Build configuration list for PBXProject "BookKeeper" */;
			compatibilityVersion = "Xcode 3.2";
			developmentRegion = English;
			hasScannedForEncodings = 0;
			knownRegions = (
				en,
				Base,
			);
			mainGroup = 1ED1CB441D2D5B2800A969A8;
			productRefGroup = 1ED1CB4E1D2D5B2800A969A8 /* Products */;
			projectDirPath = "";
			projectRoot = "";
			targets = (
				1ED1CB4C1D2D5B2800A969A8 /* BookKeeper */,
			);
		};
/* End PBXProject section */

/* Begin PBXResourcesBuildPhase section */
		1ED1CB4B1D2D5B2800A969A8 /* Resources */ = {
			isa = PBXResourcesBuildPhase;
			buildActionMask = 2147483647;
			files = (
				1ED1CB581D2D5B2900A969A8 /* Assets.xcassets in Resources */,
				1ED1CB631D2D5B8D00A969A8 /* Main.storyboard in Resources */,
			);
			runOnlyForDeploymentPostprocessing = 0;
		};
/* End PBXResourcesBuildPhase section */

/* Begin PBXSourcesBuildPhase section */
		1ED1CB491D2D5B2800A969A8 /* Sources */ = {
			isa = PBXSourcesBuildPhase;
			buildActionMask = 2147483647;
			files = (
				1ED1CB661D2D61D300A969A8 /* BooksTableViewController.swift in Sources */,
				1ED1CB811D2D778100A969A8 /* DataSourceDelegate.swift in Sources */,
				1E88078B1D2EF55E00173F62 /* BookDetailViewController.swift in Sources */,
				1ED1CB691D2D623500A969A8 /* BookTableViewCell.swift in Sources */,
				1ED1CB7C1D2D6F2B00A969A8 /* ManagedObject.swift in Sources */,
				1E88078F1D2F070700173F62 /* NSManagedObjectContext+Observers.swift in Sources */,
				1ED1CB871D2D7ABF00A969A8 /* FetchedResultsDataProvider.swift in Sources */,
				1ED1CB771D2D6C8A00A969A8 /* ConfigurableCell.swift in Sources */,
				1ED1CB891D2D82D900A969A8 /* NSManagedObjectContext+Extensions.swift in Sources */,
				1ED1CB511D2D5B2800A969A8 /* AppDelegate.swift in Sources */,
				1ED1CB791D2D6CC000A969A8 /* Book.swift in Sources */,
				1ED1CB701D2D6B1B00A969A8 /* BookKeeper.xcdatamodeld in Sources */,
				1E8807891D2EEF2B00173F62 /* SegueHandlerType.swift in Sources */,
				1ED1CB751D2D6C5100A969A8 /* ManagedObjectContextSettable.swift in Sources */,
				1ED1CB721D2D6BF500A969A8 /* SwiftExtensions.swift in Sources */,
				1E88078D1D2EFC5800173F62 /* ManagedObjectObserver.swift in Sources */,
				1ED1CB7E1D2D6FB700A969A8 /* BookKeeperStack.swift in Sources */,
				1ED1CB851D2D783A00A969A8 /* TableViewDataSource.swift in Sources */,
				1ED1CB831D2D77CC00A969A8 /* DataProvider.swift in Sources */,
			);
			runOnlyForDeploymentPostprocessing = 0;
		};
/* End PBXSourcesBuildPhase section */

/* Begin XCBuildConfiguration section */
		1ED1CB5D1D2D5B2900A969A8 /* Debug */ = {
			isa = XCBuildConfiguration;
			buildSettings = {
				ALWAYS_SEARCH_USER_PATHS = NO;
				CLANG_ANALYZER_NONNULL = YES;
				CLANG_CXX_LANGUAGE_STANDARD = "gnu++0x";
				CLANG_CXX_LIBRARY = "libc++";
				CLANG_ENABLE_MODULES = YES;
				CLANG_ENABLE_OBJC_ARC = YES;
				CLANG_WARN_BOOL_CONVERSION = YES;
				CLANG_WARN_CONSTANT_CONVERSION = YES;
				CLANG_WARN_DIRECT_OBJC_ISA_USAGE = YES_ERROR;
				CLANG_WARN_EMPTY_BODY = YES;
				CLANG_WARN_ENUM_CONVERSION = YES;
				CLANG_WARN_INT_CONVERSION = YES;
				CLANG_WARN_OBJC_ROOT_CLASS = YES_ERROR;
				CLANG_WARN_UNREACHABLE_CODE = YES;
				CLANG_WARN__DUPLICATE_METHOD_MATCH = YES;
				"CODE_SIGN_IDENTITY[sdk=iphoneos*]" = "iPhone Developer";
				COPY_PHASE_STRIP = NO;
				DEBUG_INFORMATION_FORMAT = dwarf;
				ENABLE_STRICT_OBJC_MSGSEND = YES;
				ENABLE_TESTABILITY = YES;
				GCC_C_LANGUAGE_STANDARD = gnu99;
				GCC_DYNAMIC_NO_PIC = NO;
				GCC_NO_COMMON_BLOCKS = YES;
				GCC_OPTIMIZATION_LEVEL = 0;
				GCC_PREPROCESSOR_DEFINITIONS = (
					"DEBUG=1",
					"$(inherited)",
				);
				GCC_WARN_64_TO_32_BIT_CONVERSION = YES;
				GCC_WARN_ABOUT_RETURN_TYPE = YES_ERROR;
				GCC_WARN_UNDECLARED_SELECTOR = YES;
				GCC_WARN_UNINITIALIZED_AUTOS = YES_AGGRESSIVE;
				GCC_WARN_UNUSED_FUNCTION = YES;
				GCC_WARN_UNUSED_VARIABLE = YES;
				IPHONEOS_DEPLOYMENT_TARGET = 9.3;
				MTL_ENABLE_DEBUG_INFO = YES;
				ONLY_ACTIVE_ARCH = YES;
				SDKROOT = iphoneos;
				SWIFT_OPTIMIZATION_LEVEL = "-Onone";
			};
			name = Debug;
		};
		1ED1CB5E1D2D5B2900A969A8 /* Release */ = {
			isa = XCBuildConfiguration;
			buildSettings = {
				ALWAYS_SEARCH_USER_PATHS = NO;
				CLANG_ANALYZER_NONNULL = YES;
				CLANG_CXX_LANGUAGE_STANDARD = "gnu++0x";
				CLANG_CXX_LIBRARY = "libc++";
				CLANG_ENABLE_MODULES = YES;
				CLANG_ENABLE_OBJC_ARC = YES;
				CLANG_WARN_BOOL_CONVERSION = YES;
				CLANG_WARN_CONSTANT_CONVERSION = YES;
				CLANG_WARN_DIRECT_OBJC_ISA_USAGE = YES_ERROR;
				CLANG_WARN_EMPTY_BODY = YES;
				CLANG_WARN_ENUM_CONVERSION = YES;
				CLANG_WARN_INT_CONVERSION = YES;
				CLANG_WARN_OBJC_ROOT_CLASS = YES_ERROR;
				CLANG_WARN_UNREACHABLE_CODE = YES;
				CLANG_WARN__DUPLICATE_METHOD_MATCH = YES;
				"CODE_SIGN_IDENTITY[sdk=iphoneos*]" = "iPhone Developer";
				COPY_PHASE_STRIP = NO;
				DEBUG_INFORMATION_FORMAT = "dwarf-with-dsym";
				ENABLE_NS_ASSERTIONS = NO;
				ENABLE_STRICT_OBJC_MSGSEND = YES;
				GCC_C_LANGUAGE_STANDARD = gnu99;
				GCC_NO_COMMON_BLOCKS = YES;
				GCC_WARN_64_TO_32_BIT_CONVERSION = YES;
				GCC_WARN_ABOUT_RETURN_TYPE = YES_ERROR;
				GCC_WARN_UNDECLARED_SELECTOR = YES;
				GCC_WARN_UNINITIALIZED_AUTOS = YES_AGGRESSIVE;
				GCC_WARN_UNUSED_FUNCTION = YES;
				GCC_WARN_UNUSED_VARIABLE = YES;
				IPHONEOS_DEPLOYMENT_TARGET = 9.3;
				MTL_ENABLE_DEBUG_INFO = NO;
				SDKROOT = iphoneos;
				VALIDATE_PRODUCT = YES;
			};
			name = Release;
		};
		1ED1CB601D2D5B2900A969A8 /* Debug */ = {
			isa = XCBuildConfiguration;
			buildSettings = {
				ASSETCATALOG_COMPILER_APPICON_NAME = AppIcon;
				INFOPLIST_FILE = BookKeeper/Info.plist;
				LD_RUNPATH_SEARCH_PATHS = "$(inherited) @executable_path/Frameworks";
				PRODUCT_BUNDLE_IDENTIFIER = com.example.BookKeeper;
				PRODUCT_NAME = "$(TARGET_NAME)";
			};
			name = Debug;
		};
		1ED1CB611D2D5B2900A969A8 /* Release */ = {
			isa = XCBuildConfiguration;
			buildSettings = {
				ASSETCATALOG_COMPILER_APPICON_NAME = AppIcon;
				INFOPLIST_FILE = BookKeeper/Info.plist;
				LD_RUNPATH_SEARCH_PATHS = "$(inherited) @executable_path/Frameworks";
				PRODUCT_BUNDLE_IDENTIFIER = com.example.BookKeeper;
				PRODUCT_NAME = "$(TARGET_NAME)";
			};
			name = Release;
		};
/* End XCBuildConfiguration section */

/* Begin XCConfigurationList section */
		1ED1CB481D2D5B2800A969A8 /* Build configuration list for PBXProject "BookKeeper" */ = {
			isa = XCConfigurationList;
			buildConfigurations = (
				1ED1CB5D1D2D5B2900A969A8 /* Debug */,
				1ED1CB5E1D2D5B2900A969A8 /* Release */,
			);
			defaultConfigurationIsVisible = 0;
			defaultConfigurationName = Release;
		};
		1ED1CB5F1D2D5B2900A969A8 /* Build configuration list for PBXNativeTarget "BookKeeper" */ = {
			isa = XCConfigurationList;
			buildConfigurations = (
				1ED1CB601D2D5B2900A969A8 /* Debug */,
				1ED1CB611D2D5B2900A969A8 /* Release */,
			);
			defaultConfigurationIsVisible = 0;
			defaultConfigurationName = Release;
		};
/* End XCConfigurationList section */

/* Begin XCVersionGroup section */
		1ED1CB6E1D2D6B1B00A969A8 /* BookKeeper.xcdatamodeld */ = {
			isa = XCVersionGroup;
			children = (
				1ED1CB6F1D2D6B1B00A969A8 /* BookKeeper.xcdatamodel */,
			);
			currentVersion = 1ED1CB6F1D2D6B1B00A969A8 /* BookKeeper.xcdatamodel */;
			path = BookKeeper.xcdatamodeld;
			sourceTree = "<group>";
			versionGroupType = wrapper.xcdatamodel;
		};
/* End XCVersionGroup section */
	};
	rootObject = 1ED1CB451D2D5B2800A969A8 /* Project object */;
}
